// !$*UTF8*$!
{
	archiveVersion = 1;
	classes = {
	};
	objectVersion = 56;
	objects = {

/* Begin PBXBuildFile section */
		106F7DA32CC8BEA800E0F7A4 /* AppDelegate.swift in Sources */ = {isa = PBXBuildFile; fileRef = 106F7DA22CC8BEA800E0F7A4 /* AppDelegate.swift */; };
		106F7DA52CC8BEA800E0F7A4 /* SceneDelegate.swift in Sources */ = {isa = PBXBuildFile; fileRef = 106F7DA42CC8BEA800E0F7A4 /* SceneDelegate.swift */; };
		106F7DA72CC8BEA800E0F7A4 /* ViewController.swift in Sources */ = {isa = PBXBuildFile; fileRef = 106F7DA62CC8BEA800E0F7A4 /* ViewController.swift */; };
		106F7DAA2CC8BEA800E0F7A4 /* Base in Resources */ = {isa = PBXBuildFile; fileRef = 106F7DA92CC8BEA800E0F7A4 /* Base */; };
		106F7DAC2CC8BEA900E0F7A4 /* Assets.xcassets in Resources */ = {isa = PBXBuildFile; fileRef = 106F7DAB2CC8BEA900E0F7A4 /* Assets.xcassets */; };
		106F7DAF2CC8BEA900E0F7A4 /* Base in Resources */ = {isa = PBXBuildFile; fileRef = 106F7DAE2CC8BEA900E0F7A4 /* Base */; };
		106F7DBA2CC8BEAA00E0F7A4 /* WeatherLive_ForecastTests.swift in Sources */ = {isa = PBXBuildFile; fileRef = 106F7DB92CC8BEAA00E0F7A4 /* WeatherLive_ForecastTests.swift */; };
		106F7DC42CC8BEAA00E0F7A4 /* WeatherLive_ForecastUITests.swift in Sources */ = {isa = PBXBuildFile; fileRef = 106F7DC32CC8BEAA00E0F7A4 /* WeatherLive_ForecastUITests.swift */; };
		106F7DC62CC8BEAA00E0F7A4 /* WeatherLive_ForecastUITestsLaunchTests.swift in Sources */ = {isa = PBXBuildFile; fileRef = 106F7DC52CC8BEAA00E0F7A4 /* WeatherLive_ForecastUITestsLaunchTests.swift */; };
		106F7DD42CC8C1FD00E0F7A4 /* HomeViewController.swift in Sources */ = {isa = PBXBuildFile; fileRef = 106F7DD32CC8C1FD00E0F7A4 /* HomeViewController.swift */; };
		106F7DD82CC8C25C00E0F7A4 /* HomeViewModel.swift in Sources */ = {isa = PBXBuildFile; fileRef = 106F7DD72CC8C25C00E0F7A4 /* HomeViewModel.swift */; };
		106F7DDD2CC8C2AB00E0F7A4 /* NetworkManager.swift in Sources */ = {isa = PBXBuildFile; fileRef = 106F7DDC2CC8C2AB00E0F7A4 /* NetworkManager.swift */; };
		106F7DE02CC8FA8600E0F7A4 /* WeatherCityModel.swift in Sources */ = {isa = PBXBuildFile; fileRef = 106F7DDF2CC8FA8600E0F7A4 /* WeatherCityModel.swift */; };
		106F7DE42CC8FF4F00E0F7A4 /* LocationManager.swift in Sources */ = {isa = PBXBuildFile; fileRef = 106F7DE32CC8FF4F00E0F7A4 /* LocationManager.swift */; };
		106F7DE82CC9097600E0F7A4 /* LocationCityModel.swift in Sources */ = {isa = PBXBuildFile; fileRef = 106F7DE72CC9097600E0F7A4 /* LocationCityModel.swift */; };
		106F7DEB2CCA3DBA00E0F7A4 /* WeatherTableViewCell.swift in Sources */ = {isa = PBXBuildFile; fileRef = 106F7DE92CCA3DBA00E0F7A4 /* WeatherTableViewCell.swift */; };
		106F7DEC2CCA3DBA00E0F7A4 /* WeatherTableViewCell.xib in Resources */ = {isa = PBXBuildFile; fileRef = 106F7DEA2CCA3DBA00E0F7A4 /* WeatherTableViewCell.xib */; };
		106F7DEF2CCA406F00E0F7A4 /* TableView+Extension.swift in Sources */ = {isa = PBXBuildFile; fileRef = 106F7DEE2CCA406F00E0F7A4 /* TableView+Extension.swift */; };
		106F7DF12CCA408000E0F7A4 /* CollectionView+Extension.swift in Sources */ = {isa = PBXBuildFile; fileRef = 106F7DF02CCA408000E0F7A4 /* CollectionView+Extension.swift */; };
		10E9F44E2CCA498F00A205E3 /* WeatherDetailTableViewCell.swift in Sources */ = {isa = PBXBuildFile; fileRef = 10E9F44C2CCA498F00A205E3 /* WeatherDetailTableViewCell.swift */; };
		10E9F44F2CCA498F00A205E3 /* WeatherDetailTableViewCell.xib in Resources */ = {isa = PBXBuildFile; fileRef = 10E9F44D2CCA498F00A205E3 /* WeatherDetailTableViewCell.xib */; };
		10E9F4522CCA4A5E00A205E3 /* WeatherDetailCollectionViewCell.swift in Sources */ = {isa = PBXBuildFile; fileRef = 10E9F4502CCA4A5E00A205E3 /* WeatherDetailCollectionViewCell.swift */; };
		10E9F4532CCA4A5E00A205E3 /* WeatherDetailCollectionViewCell.xib in Resources */ = {isa = PBXBuildFile; fileRef = 10E9F4512CCA4A5E00A205E3 /* WeatherDetailCollectionViewCell.xib */; };
		10E9F4562CCA4D3A00A205E3 /* ReusableClass.swift in Sources */ = {isa = PBXBuildFile; fileRef = 10E9F4552CCA4D3A00A205E3 /* ReusableClass.swift */; };
		10E9F4592CCA583E00A205E3 /* RecentWeatherTableViewCell.swift in Sources */ = {isa = PBXBuildFile; fileRef = 10E9F4572CCA583E00A205E3 /* RecentWeatherTableViewCell.swift */; };
		10E9F45A2CCA583E00A205E3 /* RecentWeatherTableViewCell.xib in Resources */ = {isa = PBXBuildFile; fileRef = 10E9F4582CCA583E00A205E3 /* RecentWeatherTableViewCell.xib */; };
		10E9F45D2CCA596600A205E3 /* DaysWeatherTableViewCell.swift in Sources */ = {isa = PBXBuildFile; fileRef = 10E9F45B2CCA596600A205E3 /* DaysWeatherTableViewCell.swift */; };
		10E9F45E2CCA596600A205E3 /* DaysWeatherTableViewCell.xib in Resources */ = {isa = PBXBuildFile; fileRef = 10E9F45C2CCA596600A205E3 /* DaysWeatherTableViewCell.xib */; };
		10E9F4602CCA62E000A205E3 /* MenuViewController.swift in Sources */ = {isa = PBXBuildFile; fileRef = 10E9F45F2CCA62E000A205E3 /* MenuViewController.swift */; };
		10E9F4622CCA74C900A205E3 /* SearchVIewController.swift in Sources */ = {isa = PBXBuildFile; fileRef = 10E9F4612CCA74C900A205E3 /* SearchVIewController.swift */; };
		10E9F4642CCA79FA00A205E3 /* CityNames.swift in Sources */ = {isa = PBXBuildFile; fileRef = 10E9F4632CCA79FA00A205E3 /* CityNames.swift */; };
		10E9F4672CCA7EE700A205E3 /* FavouriteCityTableViewCell.swift in Sources */ = {isa = PBXBuildFile; fileRef = 10E9F4652CCA7EE700A205E3 /* FavouriteCityTableViewCell.swift */; };
		10E9F4682CCA7EE700A205E3 /* FavouriteCityTableViewCell.xib in Resources */ = {isa = PBXBuildFile; fileRef = 10E9F4662CCA7EE700A205E3 /* FavouriteCityTableViewCell.xib */; };
		10E9F46A2CCA82EC00A205E3 /* FavouriteViewController.swift in Sources */ = {isa = PBXBuildFile; fileRef = 10E9F4692CCA82EC00A205E3 /* FavouriteViewController.swift */; };
		10E9F46C2CCA8C5E00A205E3 /* UIViewController+Extension.swift in Sources */ = {isa = PBXBuildFile; fileRef = 10E9F46B2CCA8C5E00A205E3 /* UIViewController+Extension.swift */; };
		10E9F46E2CCA8DA200A205E3 /* Utilities.swift in Sources */ = {isa = PBXBuildFile; fileRef = 10E9F46D2CCA8DA200A205E3 /* Utilities.swift */; };
		10E9F4702CCA9F8400A205E3 /* RecentSearchViewController.swift in Sources */ = {isa = PBXBuildFile; fileRef = 10E9F46F2CCA9F8400A205E3 /* RecentSearchViewController.swift */; };
/* End PBXBuildFile section */

/* Begin PBXContainerItemProxy section */
		106F7DB62CC8BEAA00E0F7A4 /* PBXContainerItemProxy */ = {
			isa = PBXContainerItemProxy;
			containerPortal = 106F7D972CC8BEA800E0F7A4 /* Project object */;
			proxyType = 1;
			remoteGlobalIDString = 106F7D9E2CC8BEA800E0F7A4;
			remoteInfo = "WeatherLive-Forecast";
		};
		106F7DC02CC8BEAA00E0F7A4 /* PBXContainerItemProxy */ = {
			isa = PBXContainerItemProxy;
			containerPortal = 106F7D972CC8BEA800E0F7A4 /* Project object */;
			proxyType = 1;
			remoteGlobalIDString = 106F7D9E2CC8BEA800E0F7A4;
			remoteInfo = "WeatherLive-Forecast";
		};
/* End PBXContainerItemProxy section */

/* Begin PBXFileReference section */
		106F7D9F2CC8BEA800E0F7A4 /* WeatherLive-Forecast.app */ = {isa = PBXFileReference; explicitFileType = wrapper.application; includeInIndex = 0; path = "WeatherLive-Forecast.app"; sourceTree = BUILT_PRODUCTS_DIR; };
		106F7DA22CC8BEA800E0F7A4 /* AppDelegate.swift */ = {isa = PBXFileReference; lastKnownFileType = sourcecode.swift; path = AppDelegate.swift; sourceTree = "<group>"; };
		106F7DA42CC8BEA800E0F7A4 /* SceneDelegate.swift */ = {isa = PBXFileReference; lastKnownFileType = sourcecode.swift; path = SceneDelegate.swift; sourceTree = "<group>"; };
		106F7DA62CC8BEA800E0F7A4 /* ViewController.swift */ = {isa = PBXFileReference; lastKnownFileType = sourcecode.swift; path = ViewController.swift; sourceTree = "<group>"; };
		106F7DA92CC8BEA800E0F7A4 /* Base */ = {isa = PBXFileReference; lastKnownFileType = file.storyboard; name = Base; path = Base.lproj/Main.storyboard; sourceTree = "<group>"; };
		106F7DAB2CC8BEA900E0F7A4 /* Assets.xcassets */ = {isa = PBXFileReference; lastKnownFileType = folder.assetcatalog; path = Assets.xcassets; sourceTree = "<group>"; };
		106F7DAE2CC8BEA900E0F7A4 /* Base */ = {isa = PBXFileReference; lastKnownFileType = file.storyboard; name = Base; path = Base.lproj/LaunchScreen.storyboard; sourceTree = "<group>"; };
		106F7DB02CC8BEAA00E0F7A4 /* Info.plist */ = {isa = PBXFileReference; lastKnownFileType = text.plist.xml; path = Info.plist; sourceTree = "<group>"; };
		106F7DB52CC8BEAA00E0F7A4 /* WeatherLive-ForecastTests.xctest */ = {isa = PBXFileReference; explicitFileType = wrapper.cfbundle; includeInIndex = 0; path = "WeatherLive-ForecastTests.xctest"; sourceTree = BUILT_PRODUCTS_DIR; };
		106F7DB92CC8BEAA00E0F7A4 /* WeatherLive_ForecastTests.swift */ = {isa = PBXFileReference; lastKnownFileType = sourcecode.swift; path = WeatherLive_ForecastTests.swift; sourceTree = "<group>"; };
		106F7DBF2CC8BEAA00E0F7A4 /* WeatherLive-ForecastUITests.xctest */ = {isa = PBXFileReference; explicitFileType = wrapper.cfbundle; includeInIndex = 0; path = "WeatherLive-ForecastUITests.xctest"; sourceTree = BUILT_PRODUCTS_DIR; };
		106F7DC32CC8BEAA00E0F7A4 /* WeatherLive_ForecastUITests.swift */ = {isa = PBXFileReference; lastKnownFileType = sourcecode.swift; path = WeatherLive_ForecastUITests.swift; sourceTree = "<group>"; };
		106F7DC52CC8BEAA00E0F7A4 /* WeatherLive_ForecastUITestsLaunchTests.swift */ = {isa = PBXFileReference; lastKnownFileType = sourcecode.swift; path = WeatherLive_ForecastUITestsLaunchTests.swift; sourceTree = "<group>"; };
		106F7DD32CC8C1FD00E0F7A4 /* HomeViewController.swift */ = {isa = PBXFileReference; lastKnownFileType = sourcecode.swift; path = HomeViewController.swift; sourceTree = "<group>"; };
		106F7DD72CC8C25C00E0F7A4 /* HomeViewModel.swift */ = {isa = PBXFileReference; lastKnownFileType = sourcecode.swift; path = HomeViewModel.swift; sourceTree = "<group>"; };
		106F7DDC2CC8C2AB00E0F7A4 /* NetworkManager.swift */ = {isa = PBXFileReference; lastKnownFileType = sourcecode.swift; path = NetworkManager.swift; sourceTree = "<group>"; };
		106F7DDF2CC8FA8600E0F7A4 /* WeatherCityModel.swift */ = {isa = PBXFileReference; lastKnownFileType = sourcecode.swift; path = WeatherCityModel.swift; sourceTree = "<group>"; };
		106F7DE32CC8FF4F00E0F7A4 /* LocationManager.swift */ = {isa = PBXFileReference; lastKnownFileType = sourcecode.swift; path = LocationManager.swift; sourceTree = "<group>"; };
		106F7DE72CC9097600E0F7A4 /* LocationCityModel.swift */ = {isa = PBXFileReference; lastKnownFileType = sourcecode.swift; path = LocationCityModel.swift; sourceTree = "<group>"; };
		106F7DE92CCA3DBA00E0F7A4 /* WeatherTableViewCell.swift */ = {isa = PBXFileReference; lastKnownFileType = sourcecode.swift; path = WeatherTableViewCell.swift; sourceTree = "<group>"; };
		106F7DEA2CCA3DBA00E0F7A4 /* WeatherTableViewCell.xib */ = {isa = PBXFileReference; lastKnownFileType = file.xib; path = WeatherTableViewCell.xib; sourceTree = "<group>"; };
		106F7DEE2CCA406F00E0F7A4 /* TableView+Extension.swift */ = {isa = PBXFileReference; lastKnownFileType = sourcecode.swift; path = "TableView+Extension.swift"; sourceTree = "<group>"; };
		106F7DF02CCA408000E0F7A4 /* CollectionView+Extension.swift */ = {isa = PBXFileReference; lastKnownFileType = sourcecode.swift; path = "CollectionView+Extension.swift"; sourceTree = "<group>"; };
		10E9F44C2CCA498F00A205E3 /* WeatherDetailTableViewCell.swift */ = {isa = PBXFileReference; lastKnownFileType = sourcecode.swift; path = WeatherDetailTableViewCell.swift; sourceTree = "<group>"; };
		10E9F44D2CCA498F00A205E3 /* WeatherDetailTableViewCell.xib */ = {isa = PBXFileReference; lastKnownFileType = file.xib; path = WeatherDetailTableViewCell.xib; sourceTree = "<group>"; };
		10E9F4502CCA4A5E00A205E3 /* WeatherDetailCollectionViewCell.swift */ = {isa = PBXFileReference; lastKnownFileType = sourcecode.swift; path = WeatherDetailCollectionViewCell.swift; sourceTree = "<group>"; };
		10E9F4512CCA4A5E00A205E3 /* WeatherDetailCollectionViewCell.xib */ = {isa = PBXFileReference; lastKnownFileType = file.xib; path = WeatherDetailCollectionViewCell.xib; sourceTree = "<group>"; };
		10E9F4552CCA4D3A00A205E3 /* ReusableClass.swift */ = {isa = PBXFileReference; lastKnownFileType = sourcecode.swift; path = ReusableClass.swift; sourceTree = "<group>"; };
		10E9F4572CCA583E00A205E3 /* RecentWeatherTableViewCell.swift */ = {isa = PBXFileReference; lastKnownFileType = sourcecode.swift; path = RecentWeatherTableViewCell.swift; sourceTree = "<group>"; };
		10E9F4582CCA583E00A205E3 /* RecentWeatherTableViewCell.xib */ = {isa = PBXFileReference; lastKnownFileType = file.xib; path = RecentWeatherTableViewCell.xib; sourceTree = "<group>"; };
		10E9F45B2CCA596600A205E3 /* DaysWeatherTableViewCell.swift */ = {isa = PBXFileReference; lastKnownFileType = sourcecode.swift; path = DaysWeatherTableViewCell.swift; sourceTree = "<group>"; };
		10E9F45C2CCA596600A205E3 /* DaysWeatherTableViewCell.xib */ = {isa = PBXFileReference; lastKnownFileType = file.xib; path = DaysWeatherTableViewCell.xib; sourceTree = "<group>"; };
		10E9F45F2CCA62E000A205E3 /* MenuViewController.swift */ = {isa = PBXFileReference; lastKnownFileType = sourcecode.swift; path = MenuViewController.swift; sourceTree = "<group>"; };
		10E9F4612CCA74C900A205E3 /* SearchVIewController.swift */ = {isa = PBXFileReference; lastKnownFileType = sourcecode.swift; path = SearchVIewController.swift; sourceTree = "<group>"; };
		10E9F4632CCA79FA00A205E3 /* CityNames.swift */ = {isa = PBXFileReference; lastKnownFileType = sourcecode.swift; path = CityNames.swift; sourceTree = "<group>"; };
		10E9F4652CCA7EE700A205E3 /* FavouriteCityTableViewCell.swift */ = {isa = PBXFileReference; lastKnownFileType = sourcecode.swift; path = FavouriteCityTableViewCell.swift; sourceTree = "<group>"; };
		10E9F4662CCA7EE700A205E3 /* FavouriteCityTableViewCell.xib */ = {isa = PBXFileReference; lastKnownFileType = file.xib; path = FavouriteCityTableViewCell.xib; sourceTree = "<group>"; };
		10E9F4692CCA82EC00A205E3 /* FavouriteViewController.swift */ = {isa = PBXFileReference; lastKnownFileType = sourcecode.swift; path = FavouriteViewController.swift; sourceTree = "<group>"; };
		10E9F46B2CCA8C5E00A205E3 /* UIViewController+Extension.swift */ = {isa = PBXFileReference; lastKnownFileType = sourcecode.swift; path = "UIViewController+Extension.swift"; sourceTree = "<group>"; };
		10E9F46D2CCA8DA200A205E3 /* Utilities.swift */ = {isa = PBXFileReference; lastKnownFileType = sourcecode.swift; path = Utilities.swift; sourceTree = "<group>"; };
		10E9F46F2CCA9F8400A205E3 /* RecentSearchViewController.swift */ = {isa = PBXFileReference; lastKnownFileType = sourcecode.swift; path = RecentSearchViewController.swift; sourceTree = "<group>"; };
/* End PBXFileReference section */

/* Begin PBXFrameworksBuildPhase section */
		106F7D9C2CC8BEA800E0F7A4 /* Frameworks */ = {
			isa = PBXFrameworksBuildPhase;
			buildActionMask = 2147483647;
			files = (
			);
			runOnlyForDeploymentPostprocessing = 0;
		};
		106F7DB22CC8BEAA00E0F7A4 /* Frameworks */ = {
			isa = PBXFrameworksBuildPhase;
			buildActionMask = 2147483647;
			files = (
			);
			runOnlyForDeploymentPostprocessing = 0;
		};
		106F7DBC2CC8BEAA00E0F7A4 /* Frameworks */ = {
			isa = PBXFrameworksBuildPhase;
			buildActionMask = 2147483647;
			files = (
			);
			runOnlyForDeploymentPostprocessing = 0;
		};
/* End PBXFrameworksBuildPhase section */

/* Begin PBXGroup section */
		106F7D962CC8BEA800E0F7A4 = {
			isa = PBXGroup;
			children = (
				10E9F4542CCA4D2400A205E3 /* Reusables */,
				106F7DED2CCA405800E0F7A4 /* Helpers */,
				106F7DA12CC8BEA800E0F7A4 /* WeatherLive-Forecast */,
				106F7DB82CC8BEAA00E0F7A4 /* WeatherLive-ForecastTests */,
				106F7DC22CC8BEAA00E0F7A4 /* WeatherLive-ForecastUITests */,
				106F7DA02CC8BEA800E0F7A4 /* Products */,
			);
			sourceTree = "<group>";
		};
		106F7DA02CC8BEA800E0F7A4 /* Products */ = {
			isa = PBXGroup;
			children = (
				106F7D9F2CC8BEA800E0F7A4 /* WeatherLive-Forecast.app */,
				106F7DB52CC8BEAA00E0F7A4 /* WeatherLive-ForecastTests.xctest */,
				106F7DBF2CC8BEAA00E0F7A4 /* WeatherLive-ForecastUITests.xctest */,
			);
			name = Products;
			sourceTree = "<group>";
		};
		106F7DA12CC8BEA800E0F7A4 /* WeatherLive-Forecast */ = {
			isa = PBXGroup;
			children = (
				106F7DA22CC8BEA800E0F7A4 /* AppDelegate.swift */,
				106F7DA42CC8BEA800E0F7A4 /* SceneDelegate.swift */,
				106F7DA62CC8BEA800E0F7A4 /* ViewController.swift */,
				106F7DE62CC9095400E0F7A4 /* LocationCity */,
				106F7DE52CC9063100E0F7A4 /* LocationManger */,
				106F7DDE2CC8FA6D00E0F7A4 /* WeatherCity */,
				106F7DDB2CC8C29300E0F7A4 /* NetworkManager */,
				106F7DD22CC8C1C300E0F7A4 /* HomeScreen */,
				106F7DAB2CC8BEA900E0F7A4 /* Assets.xcassets */,
				106F7DAD2CC8BEA900E0F7A4 /* LaunchScreen.storyboard */,
				106F7DB02CC8BEAA00E0F7A4 /* Info.plist */,
			);
			path = "WeatherLive-Forecast";
			sourceTree = "<group>";
		};
		106F7DB82CC8BEAA00E0F7A4 /* WeatherLive-ForecastTests */ = {
			isa = PBXGroup;
			children = (
				106F7DB92CC8BEAA00E0F7A4 /* WeatherLive_ForecastTests.swift */,
			);
			path = "WeatherLive-ForecastTests";
			sourceTree = "<group>";
		};
		106F7DC22CC8BEAA00E0F7A4 /* WeatherLive-ForecastUITests */ = {
			isa = PBXGroup;
			children = (
				106F7DC32CC8BEAA00E0F7A4 /* WeatherLive_ForecastUITests.swift */,
				106F7DC52CC8BEAA00E0F7A4 /* WeatherLive_ForecastUITestsLaunchTests.swift */,
			);
			path = "WeatherLive-ForecastUITests";
			sourceTree = "<group>";
		};
		106F7DD22CC8C1C300E0F7A4 /* HomeScreen */ = {
			isa = PBXGroup;
			children = (
				106F7DA82CC8BEA800E0F7A4 /* Main.storyboard */,
				106F7DD92CC8C27200E0F7A4 /* Model */,
				106F7DDA2CC8C27B00E0F7A4 /* Views */,
				106F7DD62CC8C24900E0F7A4 /* ViewModel */,
				106F7DD52CC8C23E00E0F7A4 /* Controller */,
			);
			path = HomeScreen;
			sourceTree = "<group>";
		};
		106F7DD52CC8C23E00E0F7A4 /* Controller */ = {
			isa = PBXGroup;
			children = (
				106F7DD32CC8C1FD00E0F7A4 /* HomeViewController.swift */,
				10E9F45F2CCA62E000A205E3 /* MenuViewController.swift */,
				10E9F4612CCA74C900A205E3 /* SearchVIewController.swift */,
				10E9F4692CCA82EC00A205E3 /* FavouriteViewController.swift */,
				10E9F46F2CCA9F8400A205E3 /* RecentSearchViewController.swift */,
			);
			path = Controller;
			sourceTree = "<group>";
		};
		106F7DD62CC8C24900E0F7A4 /* ViewModel */ = {
			isa = PBXGroup;
			children = (
				106F7DD72CC8C25C00E0F7A4 /* HomeViewModel.swift */,
			);
			path = ViewModel;
			sourceTree = "<group>";
		};
		106F7DD92CC8C27200E0F7A4 /* Model */ = {
			isa = PBXGroup;
			children = (
			);
			path = Model;
			sourceTree = "<group>";
		};
		106F7DDA2CC8C27B00E0F7A4 /* Views */ = {
			isa = PBXGroup;
			children = (
				106F7DE92CCA3DBA00E0F7A4 /* WeatherTableViewCell.swift */,
				106F7DEA2CCA3DBA00E0F7A4 /* WeatherTableViewCell.xib */,
				10E9F44C2CCA498F00A205E3 /* WeatherDetailTableViewCell.swift */,
				10E9F44D2CCA498F00A205E3 /* WeatherDetailTableViewCell.xib */,
				10E9F4502CCA4A5E00A205E3 /* WeatherDetailCollectionViewCell.swift */,
				10E9F4512CCA4A5E00A205E3 /* WeatherDetailCollectionViewCell.xib */,
				10E9F4572CCA583E00A205E3 /* RecentWeatherTableViewCell.swift */,
				10E9F4582CCA583E00A205E3 /* RecentWeatherTableViewCell.xib */,
				10E9F45B2CCA596600A205E3 /* DaysWeatherTableViewCell.swift */,
				10E9F45C2CCA596600A205E3 /* DaysWeatherTableViewCell.xib */,
				10E9F4652CCA7EE700A205E3 /* FavouriteCityTableViewCell.swift */,
				10E9F4662CCA7EE700A205E3 /* FavouriteCityTableViewCell.xib */,
			);
			path = Views;
			sourceTree = "<group>";
		};
		106F7DDB2CC8C29300E0F7A4 /* NetworkManager */ = {
			isa = PBXGroup;
			children = (
				106F7DDC2CC8C2AB00E0F7A4 /* NetworkManager.swift */,
			);
			path = NetworkManager;
			sourceTree = "<group>";
		};
		106F7DDE2CC8FA6D00E0F7A4 /* WeatherCity */ = {
			isa = PBXGroup;
			children = (
				106F7DDF2CC8FA8600E0F7A4 /* WeatherCityModel.swift */,
			);
			path = WeatherCity;
			sourceTree = "<group>";
		};
		106F7DE52CC9063100E0F7A4 /* LocationManger */ = {
			isa = PBXGroup;
			children = (
				106F7DE32CC8FF4F00E0F7A4 /* LocationManager.swift */,
			);
			path = LocationManger;
			sourceTree = "<group>";
		};
		106F7DE62CC9095400E0F7A4 /* LocationCity */ = {
			isa = PBXGroup;
			children = (
				106F7DE72CC9097600E0F7A4 /* LocationCityModel.swift */,
				10E9F4632CCA79FA00A205E3 /* CityNames.swift */,
			);
			path = LocationCity;
			sourceTree = "<group>";
		};
		106F7DED2CCA405800E0F7A4 /* Helpers */ = {
			isa = PBXGroup;
			children = (
				106F7DEE2CCA406F00E0F7A4 /* TableView+Extension.swift */,
				106F7DF02CCA408000E0F7A4 /* CollectionView+Extension.swift */,
				10E9F46B2CCA8C5E00A205E3 /* UIViewController+Extension.swift */,
				10E9F46D2CCA8DA200A205E3 /* Utilities.swift */,
			);
			path = Helpers;
			sourceTree = "<group>";
		};
		10E9F4542CCA4D2400A205E3 /* Reusables */ = {
			isa = PBXGroup;
			children = (
				10E9F4552CCA4D3A00A205E3 /* ReusableClass.swift */,
			);
			path = Reusables;
			sourceTree = "<group>";
		};
/* End PBXGroup section */

/* Begin PBXNativeTarget section */
		106F7D9E2CC8BEA800E0F7A4 /* WeatherLive-Forecast */ = {
			isa = PBXNativeTarget;
			buildConfigurationList = 106F7DC92CC8BEAA00E0F7A4 /* Build configuration list for PBXNativeTarget "WeatherLive-Forecast" */;
			buildPhases = (
				106F7D9B2CC8BEA800E0F7A4 /* Sources */,
				106F7D9C2CC8BEA800E0F7A4 /* Frameworks */,
				106F7D9D2CC8BEA800E0F7A4 /* Resources */,
			);
			buildRules = (
			);
			dependencies = (
			);
			name = "WeatherLive-Forecast";
			productName = "WeatherLive-Forecast";
			productReference = 106F7D9F2CC8BEA800E0F7A4 /* WeatherLive-Forecast.app */;
			productType = "com.apple.product-type.application";
		};
		106F7DB42CC8BEAA00E0F7A4 /* WeatherLive-ForecastTests */ = {
			isa = PBXNativeTarget;
			buildConfigurationList = 106F7DCC2CC8BEAA00E0F7A4 /* Build configuration list for PBXNativeTarget "WeatherLive-ForecastTests" */;
			buildPhases = (
				106F7DB12CC8BEAA00E0F7A4 /* Sources */,
				106F7DB22CC8BEAA00E0F7A4 /* Frameworks */,
				106F7DB32CC8BEAA00E0F7A4 /* Resources */,
			);
			buildRules = (
			);
			dependencies = (
				106F7DB72CC8BEAA00E0F7A4 /* PBXTargetDependency */,
			);
			name = "WeatherLive-ForecastTests";
			productName = "WeatherLive-ForecastTests";
			productReference = 106F7DB52CC8BEAA00E0F7A4 /* WeatherLive-ForecastTests.xctest */;
			productType = "com.apple.product-type.bundle.unit-test";
		};
		106F7DBE2CC8BEAA00E0F7A4 /* WeatherLive-ForecastUITests */ = {
			isa = PBXNativeTarget;
			buildConfigurationList = 106F7DCF2CC8BEAA00E0F7A4 /* Build configuration list for PBXNativeTarget "WeatherLive-ForecastUITests" */;
			buildPhases = (
				106F7DBB2CC8BEAA00E0F7A4 /* Sources */,
				106F7DBC2CC8BEAA00E0F7A4 /* Frameworks */,
				106F7DBD2CC8BEAA00E0F7A4 /* Resources */,
			);
			buildRules = (
			);
			dependencies = (
				106F7DC12CC8BEAA00E0F7A4 /* PBXTargetDependency */,
			);
			name = "WeatherLive-ForecastUITests";
			productName = "WeatherLive-ForecastUITests";
			productReference = 106F7DBF2CC8BEAA00E0F7A4 /* WeatherLive-ForecastUITests.xctest */;
			productType = "com.apple.product-type.bundle.ui-testing";
		};
/* End PBXNativeTarget section */

/* Begin PBXProject section */
		106F7D972CC8BEA800E0F7A4 /* Project object */ = {
			isa = PBXProject;
			attributes = {
				BuildIndependentTargetsInParallel = 1;
				LastSwiftUpdateCheck = 1540;
				LastUpgradeCheck = 1540;
				TargetAttributes = {
					106F7D9E2CC8BEA800E0F7A4 = {
						CreatedOnToolsVersion = 15.4;
					};
					106F7DB42CC8BEAA00E0F7A4 = {
						CreatedOnToolsVersion = 15.4;
						TestTargetID = 106F7D9E2CC8BEA800E0F7A4;
					};
					106F7DBE2CC8BEAA00E0F7A4 = {
						CreatedOnToolsVersion = 15.4;
						TestTargetID = 106F7D9E2CC8BEA800E0F7A4;
					};
				};
			};
			buildConfigurationList = 106F7D9A2CC8BEA800E0F7A4 /* Build configuration list for PBXProject "WeatherLive-Forecast" */;
			compatibilityVersion = "Xcode 14.0";
			developmentRegion = en;
			hasScannedForEncodings = 0;
			knownRegions = (
				en,
				Base,
			);
			mainGroup = 106F7D962CC8BEA800E0F7A4;
			productRefGroup = 106F7DA02CC8BEA800E0F7A4 /* Products */;
			projectDirPath = "";
			projectRoot = "";
			targets = (
				106F7D9E2CC8BEA800E0F7A4 /* WeatherLive-Forecast */,
				106F7DB42CC8BEAA00E0F7A4 /* WeatherLive-ForecastTests */,
				106F7DBE2CC8BEAA00E0F7A4 /* WeatherLive-ForecastUITests */,
			);
		};
/* End PBXProject section */

/* Begin PBXResourcesBuildPhase section */
		106F7D9D2CC8BEA800E0F7A4 /* Resources */ = {
			isa = PBXResourcesBuildPhase;
			buildActionMask = 2147483647;
			files = (
				10E9F4682CCA7EE700A205E3 /* FavouriteCityTableViewCell.xib in Resources */,
				106F7DAC2CC8BEA900E0F7A4 /* Assets.xcassets in Resources */,
				10E9F45E2CCA596600A205E3 /* DaysWeatherTableViewCell.xib in Resources */,
				106F7DEC2CCA3DBA00E0F7A4 /* WeatherTableViewCell.xib in Resources */,
				10E9F44F2CCA498F00A205E3 /* WeatherDetailTableViewCell.xib in Resources */,
				10E9F45A2CCA583E00A205E3 /* RecentWeatherTableViewCell.xib in Resources */,
				106F7DAF2CC8BEA900E0F7A4 /* Base in Resources */,
				10E9F4532CCA4A5E00A205E3 /* WeatherDetailCollectionViewCell.xib in Resources */,
				106F7DAA2CC8BEA800E0F7A4 /* Base in Resources */,
			);
			runOnlyForDeploymentPostprocessing = 0;
		};
		106F7DB32CC8BEAA00E0F7A4 /* Resources */ = {
			isa = PBXResourcesBuildPhase;
			buildActionMask = 2147483647;
			files = (
			);
			runOnlyForDeploymentPostprocessing = 0;
		};
		106F7DBD2CC8BEAA00E0F7A4 /* Resources */ = {
			isa = PBXResourcesBuildPhase;
			buildActionMask = 2147483647;
			files = (
			);
			runOnlyForDeploymentPostprocessing = 0;
		};
/* End PBXResourcesBuildPhase section */

/* Begin PBXSourcesBuildPhase section */
		106F7D9B2CC8BEA800E0F7A4 /* Sources */ = {
			isa = PBXSourcesBuildPhase;
			buildActionMask = 2147483647;
			files = (
				106F7DDD2CC8C2AB00E0F7A4 /* NetworkManager.swift in Sources */,
				106F7DA72CC8BEA800E0F7A4 /* ViewController.swift in Sources */,
				10E9F46A2CCA82EC00A205E3 /* FavouriteViewController.swift in Sources */,
				106F7DA32CC8BEA800E0F7A4 /* AppDelegate.swift in Sources */,
				106F7DA52CC8BEA800E0F7A4 /* SceneDelegate.swift in Sources */,
				10E9F4562CCA4D3A00A205E3 /* ReusableClass.swift in Sources */,
				10E9F46E2CCA8DA200A205E3 /* Utilities.swift in Sources */,
				10E9F44E2CCA498F00A205E3 /* WeatherDetailTableViewCell.swift in Sources */,
				10E9F46C2CCA8C5E00A205E3 /* UIViewController+Extension.swift in Sources */,
				106F7DF12CCA408000E0F7A4 /* CollectionView+Extension.swift in Sources */,
				106F7DE42CC8FF4F00E0F7A4 /* LocationManager.swift in Sources */,
				106F7DEB2CCA3DBA00E0F7A4 /* WeatherTableViewCell.swift in Sources */,
				10E9F4702CCA9F8400A205E3 /* RecentSearchViewController.swift in Sources */,
				10E9F4522CCA4A5E00A205E3 /* WeatherDetailCollectionViewCell.swift in Sources */,
				106F7DE02CC8FA8600E0F7A4 /* WeatherCityModel.swift in Sources */,
				106F7DE82CC9097600E0F7A4 /* LocationCityModel.swift in Sources */,
				106F7DD82CC8C25C00E0F7A4 /* HomeViewModel.swift in Sources */,
				10E9F4602CCA62E000A205E3 /* MenuViewController.swift in Sources */,
				106F7DD42CC8C1FD00E0F7A4 /* HomeViewController.swift in Sources */,
				10E9F4642CCA79FA00A205E3 /* CityNames.swift in Sources */,
				10E9F4672CCA7EE700A205E3 /* FavouriteCityTableViewCell.swift in Sources */,
				10E9F45D2CCA596600A205E3 /* DaysWeatherTableViewCell.swift in Sources */,
				10E9F4592CCA583E00A205E3 /* RecentWeatherTableViewCell.swift in Sources */,
				106F7DEF2CCA406F00E0F7A4 /* TableView+Extension.swift in Sources */,
				10E9F4622CCA74C900A205E3 /* SearchVIewController.swift in Sources */,
			);
			runOnlyForDeploymentPostprocessing = 0;
		};
		106F7DB12CC8BEAA00E0F7A4 /* Sources */ = {
			isa = PBXSourcesBuildPhase;
			buildActionMask = 2147483647;
			files = (
				106F7DBA2CC8BEAA00E0F7A4 /* WeatherLive_ForecastTests.swift in Sources */,
			);
			runOnlyForDeploymentPostprocessing = 0;
		};
		106F7DBB2CC8BEAA00E0F7A4 /* Sources */ = {
			isa = PBXSourcesBuildPhase;
			buildActionMask = 2147483647;
			files = (
				106F7DC62CC8BEAA00E0F7A4 /* WeatherLive_ForecastUITestsLaunchTests.swift in Sources */,
				106F7DC42CC8BEAA00E0F7A4 /* WeatherLive_ForecastUITests.swift in Sources */,
			);
			runOnlyForDeploymentPostprocessing = 0;
		};
/* End PBXSourcesBuildPhase section */

/* Begin PBXTargetDependency section */
		106F7DB72CC8BEAA00E0F7A4 /* PBXTargetDependency */ = {
			isa = PBXTargetDependency;
			target = 106F7D9E2CC8BEA800E0F7A4 /* WeatherLive-Forecast */;
			targetProxy = 106F7DB62CC8BEAA00E0F7A4 /* PBXContainerItemProxy */;
		};
		106F7DC12CC8BEAA00E0F7A4 /* PBXTargetDependency */ = {
			isa = PBXTargetDependency;
			target = 106F7D9E2CC8BEA800E0F7A4 /* WeatherLive-Forecast */;
			targetProxy = 106F7DC02CC8BEAA00E0F7A4 /* PBXContainerItemProxy */;
		};
/* End PBXTargetDependency section */

/* Begin PBXVariantGroup section */
		106F7DA82CC8BEA800E0F7A4 /* Main.storyboard */ = {
			isa = PBXVariantGroup;
			children = (
				106F7DA92CC8BEA800E0F7A4 /* Base */,
			);
			name = Main.storyboard;
			sourceTree = "<group>";
		};
		106F7DAD2CC8BEA900E0F7A4 /* LaunchScreen.storyboard */ = {
			isa = PBXVariantGroup;
			children = (
				106F7DAE2CC8BEA900E0F7A4 /* Base */,
			);
			name = LaunchScreen.storyboard;
			sourceTree = "<group>";
		};
/* End PBXVariantGroup section */

/* Begin XCBuildConfiguration section */
		106F7DC72CC8BEAA00E0F7A4 /* Debug */ = {
			isa = XCBuildConfiguration;
			buildSettings = {
				ALWAYS_SEARCH_USER_PATHS = NO;
				ASSETCATALOG_COMPILER_GENERATE_SWIFT_ASSET_SYMBOL_EXTENSIONS = YES;
				CLANG_ANALYZER_NONNULL = YES;
				CLANG_ANALYZER_NUMBER_OBJECT_CONVERSION = YES_AGGRESSIVE;
				CLANG_CXX_LANGUAGE_STANDARD = "gnu++20";
				CLANG_ENABLE_MODULES = YES;
				CLANG_ENABLE_OBJC_ARC = YES;
				CLANG_ENABLE_OBJC_WEAK = YES;
				CLANG_WARN_BLOCK_CAPTURE_AUTORELEASING = YES;
				CLANG_WARN_BOOL_CONVERSION = YES;
				CLANG_WARN_COMMA = YES;
				CLANG_WARN_CONSTANT_CONVERSION = YES;
				CLANG_WARN_DEPRECATED_OBJC_IMPLEMENTATIONS = YES;
				CLANG_WARN_DIRECT_OBJC_ISA_USAGE = YES_ERROR;
				CLANG_WARN_DOCUMENTATION_COMMENTS = YES;
				CLANG_WARN_EMPTY_BODY = YES;
				CLANG_WARN_ENUM_CONVERSION = YES;
				CLANG_WARN_INFINITE_RECURSION = YES;
				CLANG_WARN_INT_CONVERSION = YES;
				CLANG_WARN_NON_LITERAL_NULL_CONVERSION = YES;
				CLANG_WARN_OBJC_IMPLICIT_RETAIN_SELF = YES;
				CLANG_WARN_OBJC_LITERAL_CONVERSION = YES;
				CLANG_WARN_OBJC_ROOT_CLASS = YES_ERROR;
				CLANG_WARN_QUOTED_INCLUDE_IN_FRAMEWORK_HEADER = YES;
				CLANG_WARN_RANGE_LOOP_ANALYSIS = YES;
				CLANG_WARN_STRICT_PROTOTYPES = YES;
				CLANG_WARN_SUSPICIOUS_MOVE = YES;
				CLANG_WARN_UNGUARDED_AVAILABILITY = YES_AGGRESSIVE;
				CLANG_WARN_UNREACHABLE_CODE = YES;
				CLANG_WARN__DUPLICATE_METHOD_MATCH = YES;
				COPY_PHASE_STRIP = NO;
				DEBUG_INFORMATION_FORMAT = dwarf;
				ENABLE_STRICT_OBJC_MSGSEND = YES;
				ENABLE_TESTABILITY = YES;
				ENABLE_USER_SCRIPT_SANDBOXING = YES;
				GCC_C_LANGUAGE_STANDARD = gnu17;
				GCC_DYNAMIC_NO_PIC = NO;
				GCC_NO_COMMON_BLOCKS = YES;
				GCC_OPTIMIZATION_LEVEL = 0;
				GCC_PREPROCESSOR_DEFINITIONS = (
					"DEBUG=1",
					"$(inherited)",
				);
				GCC_WARN_64_TO_32_BIT_CONVERSION = YES;
				GCC_WARN_ABOUT_RETURN_TYPE = YES_ERROR;
				GCC_WARN_UNDECLARED_SELECTOR = YES;
				GCC_WARN_UNINITIALIZED_AUTOS = YES_AGGRESSIVE;
				GCC_WARN_UNUSED_FUNCTION = YES;
				GCC_WARN_UNUSED_VARIABLE = YES;
				IPHONEOS_DEPLOYMENT_TARGET = 17.5;
				LOCALIZATION_PREFERS_STRING_CATALOGS = YES;
				MTL_ENABLE_DEBUG_INFO = INCLUDE_SOURCE;
				MTL_FAST_MATH = YES;
				ONLY_ACTIVE_ARCH = YES;
				SDKROOT = iphoneos;
				SWIFT_ACTIVE_COMPILATION_CONDITIONS = "DEBUG $(inherited)";
				SWIFT_OPTIMIZATION_LEVEL = "-Onone";
			};
			name = Debug;
		};
		106F7DC82CC8BEAA00E0F7A4 /* Release */ = {
			isa = XCBuildConfiguration;
			buildSettings = {
				ALWAYS_SEARCH_USER_PATHS = NO;
				ASSETCATALOG_COMPILER_GENERATE_SWIFT_ASSET_SYMBOL_EXTENSIONS = YES;
				CLANG_ANALYZER_NONNULL = YES;
				CLANG_ANALYZER_NUMBER_OBJECT_CONVERSION = YES_AGGRESSIVE;
				CLANG_CXX_LANGUAGE_STANDARD = "gnu++20";
				CLANG_ENABLE_MODULES = YES;
				CLANG_ENABLE_OBJC_ARC = YES;
				CLANG_ENABLE_OBJC_WEAK = YES;
				CLANG_WARN_BLOCK_CAPTURE_AUTORELEASING = YES;
				CLANG_WARN_BOOL_CONVERSION = YES;
				CLANG_WARN_COMMA = YES;
				CLANG_WARN_CONSTANT_CONVERSION = YES;
				CLANG_WARN_DEPRECATED_OBJC_IMPLEMENTATIONS = YES;
				CLANG_WARN_DIRECT_OBJC_ISA_USAGE = YES_ERROR;
				CLANG_WARN_DOCUMENTATION_COMMENTS = YES;
				CLANG_WARN_EMPTY_BODY = YES;
				CLANG_WARN_ENUM_CONVERSION = YES;
				CLANG_WARN_INFINITE_RECURSION = YES;
				CLANG_WARN_INT_CONVERSION = YES;
				CLANG_WARN_NON_LITERAL_NULL_CONVERSION = YES;
				CLANG_WARN_OBJC_IMPLICIT_RETAIN_SELF = YES;
				CLANG_WARN_OBJC_LITERAL_CONVERSION = YES;
				CLANG_WARN_OBJC_ROOT_CLASS = YES_ERROR;
				CLANG_WARN_QUOTED_INCLUDE_IN_FRAMEWORK_HEADER = YES;
				CLANG_WARN_RANGE_LOOP_ANALYSIS = YES;
				CLANG_WARN_STRICT_PROTOTYPES = YES;
				CLANG_WARN_SUSPICIOUS_MOVE = YES;
				CLANG_WARN_UNGUARDED_AVAILABILITY = YES_AGGRESSIVE;
				CLANG_WARN_UNREACHABLE_CODE = YES;
				CLANG_WARN__DUPLICATE_METHOD_MATCH = YES;
				COPY_PHASE_STRIP = NO;
				DEBUG_INFORMATION_FORMAT = "dwarf-with-dsym";
				ENABLE_NS_ASSERTIONS = NO;
				ENABLE_STRICT_OBJC_MSGSEND = YES;
				ENABLE_USER_SCRIPT_SANDBOXING = YES;
				GCC_C_LANGUAGE_STANDARD = gnu17;
				GCC_NO_COMMON_BLOCKS = YES;
				GCC_WARN_64_TO_32_BIT_CONVERSION = YES;
				GCC_WARN_ABOUT_RETURN_TYPE = YES_ERROR;
				GCC_WARN_UNDECLARED_SELECTOR = YES;
				GCC_WARN_UNINITIALIZED_AUTOS = YES_AGGRESSIVE;
				GCC_WARN_UNUSED_FUNCTION = YES;
				GCC_WARN_UNUSED_VARIABLE = YES;
				IPHONEOS_DEPLOYMENT_TARGET = 17.5;
				LOCALIZATION_PREFERS_STRING_CATALOGS = YES;
				MTL_ENABLE_DEBUG_INFO = NO;
				MTL_FAST_MATH = YES;
				SDKROOT = iphoneos;
				SWIFT_COMPILATION_MODE = wholemodule;
				VALIDATE_PRODUCT = YES;
			};
			name = Release;
		};
		106F7DCA2CC8BEAA00E0F7A4 /* Debug */ = {
			isa = XCBuildConfiguration;
			buildSettings = {
				ASSETCATALOG_COMPILER_APPICON_NAME = AppIcon;
				ASSETCATALOG_COMPILER_GLOBAL_ACCENT_COLOR_NAME = AccentColor;
				CODE_SIGN_STYLE = Automatic;
				CURRENT_PROJECT_VERSION = 1;
				GENERATE_INFOPLIST_FILE = YES;
				INFOPLIST_FILE = "WeatherLive-Forecast/Info.plist";
				INFOPLIST_KEY_UIApplicationSupportsIndirectInputEvents = YES;
				INFOPLIST_KEY_UILaunchStoryboardName = LaunchScreen;
				INFOPLIST_KEY_UIMainStoryboardFile = Main;
				INFOPLIST_KEY_UISupportedInterfaceOrientations_iPad = "UIInterfaceOrientationPortrait UIInterfaceOrientationPortraitUpsideDown UIInterfaceOrientationLandscapeLeft UIInterfaceOrientationLandscapeRight";
				INFOPLIST_KEY_UISupportedInterfaceOrientations_iPhone = "UIInterfaceOrientationPortrait UIInterfaceOrientationLandscapeLeft UIInterfaceOrientationLandscapeRight";
				LD_RUNPATH_SEARCH_PATHS = (
					"$(inherited)",
					"@executable_path/Frameworks",
				);
				MARKETING_VERSION = 1.0;
				PRODUCT_BUNDLE_IDENTIFIER = "personal.com.WeatherLive-Forecast";
				PRODUCT_NAME = "$(TARGET_NAME)";
				SWIFT_EMIT_LOC_STRINGS = YES;
				SWIFT_VERSION = 5.0;
				TARGETED_DEVICE_FAMILY = "1,2";
			};
			name = Debug;
		};
		106F7DCB2CC8BEAA00E0F7A4 /* Release */ = {
			isa = XCBuildConfiguration;
			buildSettings = {
				ASSETCATALOG_COMPILER_APPICON_NAME = AppIcon;
				ASSETCATALOG_COMPILER_GLOBAL_ACCENT_COLOR_NAME = AccentColor;
				CODE_SIGN_STYLE = Automatic;
				CURRENT_PROJECT_VERSION = 1;
				GENERATE_INFOPLIST_FILE = YES;
				INFOPLIST_FILE = "WeatherLive-Forecast/Info.plist";
				INFOPLIST_KEY_UIApplicationSupportsIndirectInputEvents = YES;
				INFOPLIST_KEY_UILaunchStoryboardName = LaunchScreen;
				INFOPLIST_KEY_UIMainStoryboardFile = Main;
				INFOPLIST_KEY_UISupportedInterfaceOrientations_iPad = "UIInterfaceOrientationPortrait UIInterfaceOrientationPortraitUpsideDown UIInterfaceOrientationLandscapeLeft UIInterfaceOrientationLandscapeRight";
				INFOPLIST_KEY_UISupportedInterfaceOrientations_iPhone = "UIInterfaceOrientationPortrait UIInterfaceOrientationLandscapeLeft UIInterfaceOrientationLandscapeRight";
				LD_RUNPATH_SEARCH_PATHS = (
					"$(inherited)",
					"@executable_path/Frameworks",
				);
				MARKETING_VERSION = 1.0;
				PRODUCT_BUNDLE_IDENTIFIER = "personal.com.WeatherLive-Forecast";
				PRODUCT_NAME = "$(TARGET_NAME)";
				SWIFT_EMIT_LOC_STRINGS = YES;
				SWIFT_VERSION = 5.0;
				TARGETED_DEVICE_FAMILY = "1,2";
			};
			name = Release;
		};
		106F7DCD2CC8BEAA00E0F7A4 /* Debug */ = {
			isa = XCBuildConfiguration;
			buildSettings = {
				ALWAYS_EMBED_SWIFT_STANDARD_LIBRARIES = YES;
				BUNDLE_LOADER = "$(TEST_HOST)";
				CODE_SIGN_STYLE = Automatic;
				CURRENT_PROJECT_VERSION = 1;
				GENERATE_INFOPLIST_FILE = YES;
				IPHONEOS_DEPLOYMENT_TARGET = 17.5;
				MARKETING_VERSION = 1.0;
				PRODUCT_BUNDLE_IDENTIFIER = "personal.com.WeatherLive-ForecastTests";
				PRODUCT_NAME = "$(TARGET_NAME)";
				SWIFT_EMIT_LOC_STRINGS = NO;
				SWIFT_VERSION = 5.0;
				TARGETED_DEVICE_FAMILY = "1,2";
				TEST_HOST = "$(BUILT_PRODUCTS_DIR)/WeatherLive-Forecast.app/$(BUNDLE_EXECUTABLE_FOLDER_PATH)/WeatherLive-Forecast";
			};
			name = Debug;
		};
		106F7DCE2CC8BEAA00E0F7A4 /* Release */ = {
			isa = XCBuildConfiguration;
			buildSettings = {
				ALWAYS_EMBED_SWIFT_STANDARD_LIBRARIES = YES;
				BUNDLE_LOADER = "$(TEST_HOST)";
				CODE_SIGN_STYLE = Automatic;
				CURRENT_PROJECT_VERSION = 1;
				GENERATE_INFOPLIST_FILE = YES;
				IPHONEOS_DEPLOYMENT_TARGET = 17.5;
				MARKETING_VERSION = 1.0;
				PRODUCT_BUNDLE_IDENTIFIER = "personal.com.WeatherLive-ForecastTests";
				PRODUCT_NAME = "$(TARGET_NAME)";
				SWIFT_EMIT_LOC_STRINGS = NO;
				SWIFT_VERSION = 5.0;
				TARGETED_DEVICE_FAMILY = "1,2";
				TEST_HOST = "$(BUILT_PRODUCTS_DIR)/WeatherLive-Forecast.app/$(BUNDLE_EXECUTABLE_FOLDER_PATH)/WeatherLive-Forecast";
			};
			name = Release;
		};
		106F7DD02CC8BEAA00E0F7A4 /* Debug */ = {
			isa = XCBuildConfiguration;
			buildSettings = {
				ALWAYS_EMBED_SWIFT_STANDARD_LIBRARIES = YES;
				CODE_SIGN_STYLE = Automatic;
				CURRENT_PROJECT_VERSION = 1;
				GENERATE_INFOPLIST_FILE = YES;
				MARKETING_VERSION = 1.0;
				PRODUCT_BUNDLE_IDENTIFIER = "personal.com.WeatherLive-ForecastUITests";
				PRODUCT_NAME = "$(TARGET_NAME)";
				SWIFT_EMIT_LOC_STRINGS = NO;
				SWIFT_VERSION = 5.0;
				TARGETED_DEVICE_FAMILY = "1,2";
				TEST_TARGET_NAME = "WeatherLive-Forecast";
			};
			name = Debug;
		};
		106F7DD12CC8BEAA00E0F7A4 /* Release */ = {
			isa = XCBuildConfiguration;
			buildSettings = {
				ALWAYS_EMBED_SWIFT_STANDARD_LIBRARIES = YES;
				CODE_SIGN_STYLE = Automatic;
				CURRENT_PROJECT_VERSION = 1;
				GENERATE_INFOPLIST_FILE = YES;
				MARKETING_VERSION = 1.0;
				PRODUCT_BUNDLE_IDENTIFIER = "personal.com.WeatherLive-ForecastUITests";
				PRODUCT_NAME = "$(TARGET_NAME)";
				SWIFT_EMIT_LOC_STRINGS = NO;
				SWIFT_VERSION = 5.0;
				TARGETED_DEVICE_FAMILY = "1,2";
				TEST_TARGET_NAME = "WeatherLive-Forecast";
			};
			name = Release;
		};
/* End XCBuildConfiguration section */

/* Begin XCConfigurationList section */
		106F7D9A2CC8BEA800E0F7A4 /* Build configuration list for PBXProject "WeatherLive-Forecast" */ = {
			isa = XCConfigurationList;
			buildConfigurations = (
				106F7DC72CC8BEAA00E0F7A4 /* Debug */,
				106F7DC82CC8BEAA00E0F7A4 /* Release */,
			);
			defaultConfigurationIsVisible = 0;
			defaultConfigurationName = Release;
		};
		106F7DC92CC8BEAA00E0F7A4 /* Build configuration list for PBXNativeTarget "WeatherLive-Forecast" */ = {
			isa = XCConfigurationList;
			buildConfigurations = (
				106F7DCA2CC8BEAA00E0F7A4 /* Debug */,
				106F7DCB2CC8BEAA00E0F7A4 /* Release */,
			);
			defaultConfigurationIsVisible = 0;
			defaultConfigurationName = Release;
		};
		106F7DCC2CC8BEAA00E0F7A4 /* Build configuration list for PBXNativeTarget "WeatherLive-ForecastTests" */ = {
			isa = XCConfigurationList;
			buildConfigurations = (
				106F7DCD2CC8BEAA00E0F7A4 /* Debug */,
				106F7DCE2CC8BEAA00E0F7A4 /* Release */,
			);
			defaultConfigurationIsVisible = 0;
			defaultConfigurationName = Release;
		};
		106F7DCF2CC8BEAA00E0F7A4 /* Build configuration list for PBXNativeTarget "WeatherLive-ForecastUITests" */ = {
			isa = XCConfigurationList;
			buildConfigurations = (
				106F7DD02CC8BEAA00E0F7A4 /* Debug */,
				106F7DD12CC8BEAA00E0F7A4 /* Release */,
			);
			defaultConfigurationIsVisible = 0;
			defaultConfigurationName = Release;
		};
/* End XCConfigurationList section */
	};
	rootObject = 106F7D972CC8BEA800E0F7A4 /* Project object */;
}
